// !$*UTF8*$!
{
	archiveVersion = 1;
	classes = {
	};
	objectVersion = 46;
	objects = {

/* Begin PBXBuildFile section */
		A35016C41C4D52580083161A /* main.m in Sources */ = {isa = PBXBuildFile; fileRef = A35016C31C4D52580083161A /* main.m */; };
		A35016C71C4D52580083161A /* AppDelegate.m in Sources */ = {isa = PBXBuildFile; fileRef = A35016C61C4D52580083161A /* AppDelegate.m */; };
		A35016CA1C4D52580083161A /* ViewController.m in Sources */ = {isa = PBXBuildFile; fileRef = A35016C91C4D52580083161A /* ViewController.m */; };
		A35016CD1C4D52580083161A /* Main.storyboard in Resources */ = {isa = PBXBuildFile; fileRef = A35016CB1C4D52580083161A /* Main.storyboard */; };
		A35016CF1C4D52580083161A /* Assets.xcassets in Resources */ = {isa = PBXBuildFile; fileRef = A35016CE1C4D52580083161A /* Assets.xcassets */; };
		A35016D21C4D52580083161A /* LaunchScreen.storyboard in Resources */ = {isa = PBXBuildFile; fileRef = A35016D01C4D52580083161A /* LaunchScreen.storyboard */; };
/* End PBXBuildFile section */

/* Begin PBXFileReference section */
		A35016BF1C4D52580083161A /* RanbowView.app */ = {isa = PBXFileReference; explicitFileType = wrapper.application; includeInIndex = 0; path = RanbowView.app; sourceTree = BUILT_PRODUCTS_DIR; };
		A35016C31C4D52580083161A /* main.m */ = {isa = PBXFileReference; lastKnownFileType = sourcecode.c.objc; path = main.m; sourceTree = "<group>"; };
		A35016C51C4D52580083161A /* AppDelegate.h */ = {isa = PBXFileReference; lastKnownFileType = sourcecode.c.h; path = AppDelegate.h; sourceTree = "<group>"; };
		A35016C61C4D52580083161A /* AppDelegate.m */ = {isa = PBXFileReference; lastKnownFileType = sourcecode.c.objc; path = AppDelegate.m; sourceTree = "<group>"; };
		A35016C81C4D52580083161A /* ViewController.h */ = {isa = PBXFileReference; lastKnownFileType = sourcecode.c.h; path = ViewController.h; sourceTree = "<group>"; };
		A35016C91C4D52580083161A /* ViewController.m */ = {isa = PBXFileReference; lastKnownFileType = sourcecode.c.objc; path = ViewController.m; sourceTree = "<group>"; };
		A35016CC1C4D52580083161A /* Base */ = {isa = PBXFileReference; lastKnownFileType = file.storyboard; name = Base; path = Base.lproj/Main.storyboard; sourceTree = "<group>"; };
		A35016CE1C4D52580083161A /* Assets.xcassets */ = {isa = PBXFileReference; lastKnownFileType = folder.assetcatalog; path = Assets.xcassets; sourceTree = "<group>"; };
		A35016D11C4D52580083161A /* Base */ = {isa = PBXFileReference; lastKnownFileType = file.storyboard; name = Base; path = Base.lproj/LaunchScreen.storyboard; sourceTree = "<group>"; };
		A35016D31C4D52580083161A /* Info.plist */ = {isa = PBXFileReference; lastKnownFileType = text.plist.xml; path = Info.plist; sourceTree = "<group>"; };
/* End PBXFileReference section */

/* Begin PBXFrameworksBuildPhase section */
		A35016BC1C4D52580083161A /* Frameworks */ = {
			isa = PBXFrameworksBuildPhase;
			buildActionMask = 2147483647;
			files = (
			);
			runOnlyForDeploymentPostprocessing = 0;
		};
/* End PBXFrameworksBuildPhase section */

/* Begin PBXGroup section */
		A35016B61C4D52580083161A = {
			isa = PBXGroup;
			children = (
				A35016C11C4D52580083161A /* RanbowView */,
				A35016C01C4D52580083161A /* Products */,
			);
			sourceTree = "<group>";
		};
		A35016C01C4D52580083161A /* Products */ = {
			isa = PBXGroup;
			children = (
				A35016BF1C4D52580083161A /* RanbowView.app */,
			);
			name = Products;
			sourceTree = "<group>";
		};
		A35016C11C4D52580083161A /* RanbowView */ = {
			isa = PBXGroup;
			children = (
				A35016C51C4D52580083161A /* AppDelegate.h */,
				A35016C61C4D52580083161A /* AppDelegate.m */,
				A35016C81C4D52580083161A /* ViewController.h */,
				A35016C91C4D52580083161A /* ViewController.m */,
				A35016CB1C4D52580083161A /* Main.storyboard */,
				A35016CE1C4D52580083161A /* Assets.xcassets */,
				A35016D01C4D52580083161A /* LaunchScreen.storyboard */,
				A35016D31C4D52580083161A /* Info.plist */,
				A35016C21C4D52580083161A /* Supporting Files */,
			);
			path = RanbowView;
			sourceTree = "<group>";
		};
		A35016C21C4D52580083161A /* Supporting Files */ = {
			isa = PBXGroup;
			children = (
				A35016C31C4D52580083161A /* main.m */,
			);
			name = "Supporting Files";
			sourceTree = "<group>";
		};
/* End PBXGroup section */

/* Begin PBXNativeTarget section */
		A35016BE1C4D52580083161A /* RanbowView */ = {
			isa = PBXNativeTarget;
			buildConfigurationList = A35016D61C4D52580083161A /* Build configuration list for PBXNativeTarget "RanbowView" */;
			buildPhases = (
				A35016BB1C4D52580083161A /* Sources */,
				A35016BC1C4D52580083161A /* Frameworks */,
				A35016BD1C4D52580083161A /* Resources */,
			);
			buildRules = (
			);
			dependencies = (
			);
			name = RanbowView;
			productName = RanbowView;
			productReference = A35016BF1C4D52580083161A /* RanbowView.app */;
			productType = "com.apple.product-type.application";
		};
/* End PBXNativeTarget section */

/* Begin PBXProject section */
		A35016B71C4D52580083161A /* Project object */ = {
			isa = PBXProject;
			attributes = {
				LastUpgradeCheck = 0720;
				ORGANIZATIONNAME = "Richard Martin";
				TargetAttributes = {
					A35016BE1C4D52580083161A = {
						CreatedOnToolsVersion = 7.2;
					};
				};
			};
			buildConfigurationList = A35016BA1C4D52580083161A /* Build configuration list for PBXProject "RanbowView" */;
			compatibilityVersion = "Xcode 3.2";
			developmentRegion = English;
			hasScannedForEncodings = 0;
			knownRegions = (
				en,
				Base,
			);
			mainGroup = A35016B61C4D52580083161A;
			productRefGroup = A35016C01C4D52580083161A /* Products */;
			projectDirPath = "";
			projectRoot = "";
			targets = (
				A35016BE1C4D52580083161A /* RanbowView */,
			);
		};
/* End PBXProject section */

/* Begin PBXResourcesBuildPhase section */
		A35016BD1C4D52580083161A /* Resources */ = {
			isa = PBXResourcesBuildPhase;
			buildActionMask = 2147483647;
			files = (
				A35016D21C4D52580083161A /* LaunchScreen.storyboard in Resources */,
				A35016CF1C4D52580083161A /* Assets.xcassets in Resources */,
				A35016CD1C4D52580083161A /* Main.storyboard in Resources */,
			);
			runOnlyForDeploymentPostprocessing = 0;
		};
/* End PBXResourcesBuildPhase section */

/* Begin PBXSourcesBuildPhase section */
		A35016BB1C4D52580083161A /* Sources */ = {
			isa = PBXSourcesBuildPhase;
			buildActionMask = 2147483647;
			files = (
				A35016CA1C4D52580083161A /* ViewController.m in Sources */,
				A35016C71C4D52580083161A /* AppDelegate.m in Sources */,
				A35016C41C4D52580083161A /* main.m in Sources */,
			);
			runOnlyForDeploymentPostprocessing = 0;
		};
/* End PBXSourcesBuildPhase section */

/* Begin PBXVariantGroup section */
		A35016CB1C4D52580083161A /* Main.storyboard */ = {
			isa = PBXVariantGroup;
			children = (
				A35016CC1C4D52580083161A /* Base */,
			);
			name = Main.storyboard;
			sourceTree = "<group>";
		};
		A35016D01C4D52580083161A /* LaunchScreen.storyboard */ = {
			isa = PBXVariantGroup;
			children = (
				A35016D11C4D52580083161A /* Base */,
			);
			name = LaunchScreen.storyboard;
			sourceTree = "<group>";
		};
/* End PBXVariantGroup section */

/* Begin XCBuildConfiguration section */
		A35016D41C4D52580083161A /* Debug */ = {
			isa = XCBuildConfiguration;
			buildSettings = {
				ALWAYS_SEARCH_USER_PATHS = NO;
				CLANG_CXX_LANGUAGE_STANDARD = "gnu++0x";
				CLANG_CXX_LIBRARY = "libc++";
				CLANG_ENABLE_MODULES = YES;
				CLANG_ENABLE_OBJC_ARC = YES;
				CLANG_WARN_BOOL_CONVERSION = YES;
				CLANG_WARN_CONSTANT_CONVERSION = YES;
				CLANG_WARN_DIRECT_OBJC_ISA_USAGE = YES_ERROR;
				CLANG_WARN_EMPTY_BODY = YES;
				CLANG_WARN_ENUM_CONVERSION = YES;
				CLANG_WARN_INT_CONVERSION = YES;
				CLANG_WARN_OBJC_ROOT_CLASS = YES_ERROR;
				CLANG_WARN_UNREACHABLE_CODE = YES;
				CLANG_WARN__DUPLICATE_METHOD_MATCH = YES;
				"CODE_SIGN_IDENTITY[sdk=iphoneos*]" = "iPhone Developer";
				COPY_PHASE_STRIP = NO;
				DEBUG_INFORMATION_FORMAT = dwarf;
				ENABLE_STRICT_OBJC_MSGSEND = YES;
				ENABLE_TESTABILITY = YES;
				GCC_C_LANGUAGE_STANDARD = gnu99;
				GCC_DYNAMIC_NO_PIC = NO;
				GCC_NO_COMMON_BLOCKS = YES;
				GCC_OPTIMIZATION_LEVEL = 0;
				GCC_PREPROCESSOR_DEFINITIONS = (
					"DEBUG=1",
					"$(inherited)",
				);
				GCC_WARN_64_TO_32_BIT_CONVERSION = YES;
				GCC_WARN_ABOUT_RETURN_TYPE = YES_ERROR;
				GCC_WARN_UNDECLARED_SELECTOR = YES;
				GCC_WARN_UNINITIALIZED_AUTOS = YES_AGGRESSIVE;
				GCC_WARN_UNUSED_FUNCTION = YES;
				GCC_WARN_UNUSED_VARIABLE = YES;
				IPHONEOS_DEPLOYMENT_TARGET = 9.2;
				MTL_ENABLE_DEBUG_INFO = YES;
				ONLY_ACTIVE_ARCH = YES;
				SDKROOT = iphoneos;
			};
			name = Debug;
		};
		A35016D51C4D52580083161A /* Release */ = {
			isa = XCBuildConfiguration;
			buildSettings = {
				ALWAYS_SEARCH_USER_PATHS = NO;
				CLANG_CXX_LANGUAGE_STANDARD = "gnu++0x";
				CLANG_CXX_LIBRARY = "libc++";
				CLANG_ENABLE_MODULES = YES;
				CLANG_ENABLE_OBJC_ARC = YES;
				CLANG_WARN_BOOL_CONVERSION = YES;
				CLANG_WARN_CONSTANT_CONVERSION = YES;
				CLANG_WARN_DIRECT_OBJC_ISA_USAGE = YES_ERROR;
				CLANG_WARN_EMPTY_BODY = YES;
				CLANG_WARN_ENUM_CONVERSION = YES;
				CLANG_WARN_INT_CONVERSION = YES;
				CLANG_WARN_OBJC_ROOT_CLASS = YES_ERROR;
				CLANG_WARN_UNREACHABLE_CODE = YES;
				CLANG_WARN__DUPLICATE_METHOD_MATCH = YES;
				"CODE_SIGN_IDENTITY[sdk=iphoneos*]" = "iPhone Developer";
				COPY_PHASE_STRIP = NO;
				DEBUG_INFORMATION_FORMAT = "dwarf-with-dsym";
				ENABLE_NS_ASSERTIONS = NO;
				ENABLE_STRICT_OBJC_MSGSEND = YES;
				GCC_C_LANGUAGE_STANDARD = gnu99;
				GCC_NO_COMMON_BLOCKS = YES;
				GCC_WARN_64_TO_32_BIT_CONVERSION = YES;
				GCC_WARN_ABOUT_RETURN_TYPE = YES_ERROR;
				GCC_WARN_UNDECLARED_SELECTOR = YES;
				GCC_WARN_UNINITIALIZED_AUTOS = YES_AGGRESSIVE;
				GCC_WARN_UNUSED_FUNCTION = YES;
				GCC_WARN_UNUSED_VARIABLE = YES;
				IPHONEOS_DEPLOYMENT_TARGET = 9.2;
				MTL_ENABLE_DEBUG_INFO = NO;
				SDKROOT = iphoneos;
				VALIDATE_PRODUCT = YES;
			};
			name = Release;
		};
		A35016D71C4D52580083161A /* Debug */ = {
			isa = XCBuildConfiguration;
			buildSettings = {
				ASSETCATALOG_COMPILER_APPICON_NAME = AppIcon;
				INFOPLIST_FILE = RanbowView/Info.plist;
				LD_RUNPATH_SEARCH_PATHS = "$(inherited) @executable_path/Frameworks";
				PRODUCT_BUNDLE_IDENTIFIER = me.richardgmartin.RanbowView;
				PRODUCT_NAME = "$(TARGET_NAME)";
			};
			name = Debug;
		};
		A35016D81C4D52580083161A /* Release */ = {
			isa = XCBuildConfiguration;
			buildSettings = {
				ASSETCATALOG_COMPILER_APPICON_NAME = AppIcon;
				INFOPLIST_FILE = RanbowView/Info.plist;
				LD_RUNPATH_SEARCH_PATHS = "$(inherited) @executable_path/Frameworks";
				PRODUCT_BUNDLE_IDENTIFIER = me.richardgmartin.RanbowView;
				PRODUCT_NAME = "$(TARGET_NAME)";
			};
			name = Release;
		};
/* End XCBuildConfiguration section */

/* Begin XCConfigurationList section */
		A35016BA1C4D52580083161A /* Build configuration list for PBXProject "RanbowView" */ = {
			isa = XCConfigurationList;
			buildConfigurations = (
				A35016D41C4D52580083161A /* Debug */,
				A35016D51C4D52580083161A /* Release */,
			);
			defaultConfigurationIsVisible = 0;
			defaultConfigurationName = Release;
		};
		A35016D61C4D52580083161A /* Build configuration list for PBXNativeTarget "RanbowView" */ = {
			isa = XCConfigurationList;
			buildConfigurations = (
				A35016D71C4D52580083161A /* Debug */,
				A35016D81C4D52580083161A /* Release */,
			);
			defaultConfigurationIsVisible = 0;
		};
/* End XCConfigurationList section */
	};
	rootObject = A35016B71C4D52580083161A /* Project object */;
}
